Microsoft Visual Studio Solution File, Format Version 12.00
# Visual Studio Version 17
VisualStudioVersion = 17.13.35931.197
MinimumVisualStudioVersion = 10.0.40219.1
Project("{FAE04EC0-301F-11D3-BF4B-00C04F79EFBC}") = "WpfStudyApp01", "WpfStudyApp01\WpfStudyApp01.csproj", "{5FE94F95-A59F-49A0-8896-C4B1AE15CFF7}"
EndProject
Project("{FAE04EC0-301F-11D3-BF4B-00C04F79EFBC}") = "WpfStudyApp03", "WpfStudyApp03\WpfStudyApp03.csproj", "{46A95350-CE6C-49A5-A2E7-23F7765DB2E9}"
EndProject
Global
	GlobalSection(SolutionConfigurationPlatforms) = preSolution
		Debug|Any CPU = Debug|Any CPU
		Release|Any CPU = Release|Any CPU
	EndGlobalSection
	GlobalSection(ProjectConfigurationPlatforms) = postSolution
		{5FE94F95-A59F-49A0-8896-C4B1AE15CFF7}.Debug|Any CPU.ActiveCfg = Debug|Any CPU
		{5FE94F95-A59F-49A0-8896-C4B1AE15CFF7}.Debug|Any CPU.Build.0 = Debug|Any CPU
		{5FE94F95-A59F-49A0-8896-C4B1AE15CFF7}.Release|Any CPU.ActiveCfg = Release|Any CPU
		{5FE94F95-A59F-49A0-8896-C4B1AE15CFF7}.Release|Any CPU.Build.0 = Release|Any CPU
		{46A95350-CE6C-49A5-A2E7-23F7765DB2E9}.Debug|Any CPU.ActiveCfg = Debug|Any CPU
		{46A95350-CE6C-49A5-A2E7-23F7765DB2E9}.Debug|Any CPU.Build.0 = Debug|Any CPU
		{46A95350-CE6C-49A5-A2E7-23F7765DB2E9}.Release|Any CPU.ActiveCfg = Release|Any CPU
		{46A95350-CE6C-49A5-A2E7-23F7765DB2E9}.Release|Any CPU.Build.0 = Release|Any CPU
	EndGlobalSection
	GlobalSection(SolutionProperties) = preSolution
		HideSolutionNode = FALSE
	EndGlobalSection
	GlobalSection(ExtensibilityGlobals) = postSolution
		SolutionGuid = {A41D5DA3-F2DD-4446-B7EB-6517C6B03764}
	EndGlobalSection
EndGlobal
